<?xml version="1.0" encoding="UTF-8" standalone="yes" ?>
<CodeBlocks_project_file>
	<FileVersion major="1" minor="6" />
	<Project>
		<Option title="ERMES" />
		<Option pch_mode="2" />
		<Option compiler="gcc" />
		<Build>
			<Target title="Release x64">
				<Option output="x64/Release/ERMES" prefix_auto="1" extension_auto="1" />
				<Option object_output="x64/Release/" />
				<Option deps_output="x64/Release/" />
				<Option type="0" />
				<Option compiler="gcc" />
				<Compiler>
					<Add option="-DWIN64" />
					<Add option="-DNDEBUG" />
					<Add option="-D_CONSOLE" />
					<Add option="-O1" />
					<Add directory="../external_libraries/" />
					<Add directory="../external_libraries/boost/" />
					<Add directory="../external_libraries/boost/boost/" />
					<Add directory="../external_libraries/gidpost/" />
					<Add directory="../external_libraries/gidpost/win/" />
					<Add directory="../external_libraries/flex++bison++/" />
					<Add directory="../external_libraries/flex++bison++/flex_bison/" />
				</Compiler>
				<Linker>
					<Add option="-s" />
					<Add library="winmm.lib" />
					<Add library="comctl32.lib" />
					<Add library="kernel32.lib" />
					<Add library="user32.lib" />
					<Add library="gdi32.lib" />
					<Add library="winspool.lib" />
					<Add library="comdlg32.lib" />
					<Add library="advapi32.lib" />
					<Add library="shell32.lib" />
					<Add library="ole32.lib" />
					<Add library="oleaut32.lib" />
					<Add library="uuid.lib" />
					<Add library="odbc32.lib" />
					<Add library="odbccp32.lib" />
				</Linker>
			</Target>
		</Build>
		<Unit filename="../ERMES/CoaxialPortTEM_1eg_FullWave.cpp" />
		<Unit filename="../ERMES/CoaxialPortTEM_1eg_FullWave.h" />
		<Unit filename="../ERMES/CoaxialPortTEM_1st_FullWave.cpp" />
		<Unit filename="../ERMES/CoaxialPortTEM_1st_FullWave.h" />
		<Unit filename="../ERMES/CoaxialPortTEM_2eg_FullWave.cpp" />
		<Unit filename="../ERMES/CoaxialPortTEM_2eg_FullWave.h" />
		<Unit filename="../ERMES/CoaxialPortTEM_2nd_FullWave.cpp" />
		<Unit filename="../ERMES/CoaxialPortTEM_2nd_FullWave.h" />
		<Unit filename="../ERMES/CoaxialPortTEM_3sb_FullWave.cpp" />
		<Unit filename="../ERMES/CoaxialPortTEM_3sb_FullWave.h" />
		<Unit filename="../ERMES/ColdPlasma.cpp" />
		<Unit filename="../ERMES/ColdPlasma.h" />
		<Unit filename="../ERMES/FarField_1eg_ColdPlasma.cpp" />
		<Unit filename="../ERMES/FarField_1eg_ColdPlasma.h" />
		<Unit filename="../ERMES/FarField_1eg_FullWave.cpp" />
		<Unit filename="../ERMES/FarField_1eg_FullWave.h" />
		<Unit filename="../ERMES/FarField_1st_ColdPlasma.cpp" />
		<Unit filename="../ERMES/FarField_1st_ColdPlasma.h" />
		<Unit filename="../ERMES/FarField_1st_FullWave.cpp" />
		<Unit filename="../ERMES/FarField_1st_FullWave.h" />
		<Unit filename="../ERMES/FarField_2eg_ColdPlasma.cpp" />
		<Unit filename="../ERMES/FarField_2eg_ColdPlasma.h" />
		<Unit filename="../ERMES/FarField_2eg_FullWave.cpp" />
		<Unit filename="../ERMES/FarField_2eg_FullWave.h" />
		<Unit filename="../ERMES/FarField_2nd_ColdPlasma.cpp" />
		<Unit filename="../ERMES/FarField_2nd_ColdPlasma.h" />
		<Unit filename="../ERMES/FarField_2nd_FullWave.cpp" />
		<Unit filename="../ERMES/FarField_2nd_FullWave.h" />
		<Unit filename="../ERMES/FarField_3sb_ColdPlasma.cpp" />
		<Unit filename="../ERMES/FarField_3sb_ColdPlasma.h" />
		<Unit filename="../ERMES/FarField_3sb_FullWave.cpp" />
		<Unit filename="../ERMES/FarField_3sb_FullWave.h" />
		<Unit filename="../ERMES/GenericRobin_1eg_FullWave.cpp" />
		<Unit filename="../ERMES/GenericRobin_1eg_FullWave.h" />
		<Unit filename="../ERMES/GenericRobin_1st_Electrostatic.cpp" />
		<Unit filename="../ERMES/GenericRobin_1st_Electrostatic.h" />
		<Unit filename="../ERMES/GenericRobin_1st_FullWave.cpp" />
		<Unit filename="../ERMES/GenericRobin_1st_FullWave.h" />
		<Unit filename="../ERMES/GenericRobin_2eg_FullWave.cpp" />
		<Unit filename="../ERMES/GenericRobin_2eg_FullWave.h" />
		<Unit filename="../ERMES/GenericRobin_2nd_FullWave.cpp" />
		<Unit filename="../ERMES/GenericRobin_2nd_FullWave.h" />
		<Unit filename="../ERMES/GenericRobin_3sb_FullWave.cpp" />
		<Unit filename="../ERMES/GenericRobin_3sb_FullWave.h" />
		<Unit filename="../ERMES/JSource_1eg_FullWave.cpp" />
		<Unit filename="../ERMES/JSource_1eg_FullWave.h" />
		<Unit filename="../ERMES/JSource_1st_FullWave.cpp" />
		<Unit filename="../ERMES/JSource_1st_FullWave.h" />
		<Unit filename="../ERMES/JSource_2eg_FullWave.cpp" />
		<Unit filename="../ERMES/JSource_2eg_FullWave.h" />
		<Unit filename="../ERMES/JSource_2nd_FullWave.cpp" />
		<Unit filename="../ERMES/JSource_2nd_FullWave.h" />
		<Unit filename="../ERMES/JSource_3sb_FullWave.cpp" />
		<Unit filename="../ERMES/JSource_3sb_FullWave.h" />
		<Unit filename="../ERMES/RWPortTE10_1eg_FullWave.cpp" />
		<Unit filename="../ERMES/RWPortTE10_1eg_FullWave.h" />
		<Unit filename="../ERMES/RWPortTE10_1st_FullWave.cpp" />
		<Unit filename="../ERMES/RWPortTE10_1st_FullWave.h" />
		<Unit filename="../ERMES/RWPortTE10_2eg_FullWave.cpp" />
		<Unit filename="../ERMES/RWPortTE10_2eg_FullWave.h" />
		<Unit filename="../ERMES/RWPortTE10_2nd_FullWave.cpp" />
		<Unit filename="../ERMES/RWPortTE10_2nd_FullWave.h" />
		<Unit filename="../ERMES/RWPortTE10_3sb_FullWave.cpp" />
		<Unit filename="../ERMES/RWPortTE10_3sb_FullWave.h" />
		<Unit filename="../ERMES/Utils/GaussIntegrationTables.cpp" />
		<Unit filename="../ERMES/Utils/GaussIntegrationTables.h" />
		<Unit filename="../ERMES/Utils/LagrangeBases.cpp" />
		<Unit filename="../ERMES/Utils/LagrangeBases.h" />
		<Unit filename="../ERMES/Utils/MatrixFileWritting.cpp" />
		<Unit filename="../ERMES/Utils/MatrixFileWritting.h" />
		<Unit filename="../ERMES/VolumeElement_1eg_ColdPlasma.cpp" />
		<Unit filename="../ERMES/VolumeElement_1eg_ColdPlasma.h" />
		<Unit filename="../ERMES/VolumeElement_1eg_FullWave.cpp" />
		<Unit filename="../ERMES/VolumeElement_1eg_FullWave.h" />
		<Unit filename="../ERMES/VolumeElement_1st_ColdPlasma.cpp" />
		<Unit filename="../ERMES/VolumeElement_1st_ColdPlasma.h" />
		<Unit filename="../ERMES/VolumeElement_1st_Electrostatic.cpp" />
		<Unit filename="../ERMES/VolumeElement_1st_Electrostatic.h" />
		<Unit filename="../ERMES/VolumeElement_1st_FullWave.cpp" />
		<Unit filename="../ERMES/VolumeElement_1st_FullWave.h" />
		<Unit filename="../ERMES/VolumeElement_2eg_ColdPlasma.cpp" />
		<Unit filename="../ERMES/VolumeElement_2eg_ColdPlasma.h" />
		<Unit filename="../ERMES/VolumeElement_2eg_FullWave.cpp" />
		<Unit filename="../ERMES/VolumeElement_2eg_FullWave.h" />
		<Unit filename="../ERMES/VolumeElement_2nd_ColdPlasma.cpp" />
		<Unit filename="../ERMES/VolumeElement_2nd_ColdPlasma.h" />
		<Unit filename="../ERMES/VolumeElement_2nd_FullWave.cpp" />
		<Unit filename="../ERMES/VolumeElement_2nd_FullWave.h" />
		<Unit filename="../ERMES/VolumeElement_3sb_ColdPlasma.cpp" />
		<Unit filename="../ERMES/VolumeElement_3sb_ColdPlasma.h" />
		<Unit filename="../ERMES/VolumeElement_3sb_FullWave.cpp" />
		<Unit filename="../ERMES/VolumeElement_3sb_FullWave.h" />
		<Unit filename="../external_libraries/dirent/include/dirent.h" />
		<Unit filename="../external_libraries/gidpost/source/gidpost.cpp" />
		<Unit filename="../external_libraries/gidpost/source/gidpost.h" />
		<Unit filename="../external_libraries/gidpost/source/gidpostInt.cpp" />
		<Unit filename="../external_libraries/gidpost/source/gidpostInt.h" />
		<Unit filename="../external_libraries/gidpost/source/zlib.h" />
		<Unit filename="../external_libraries/gidpost/source/zlibint1.c">
			<Option compilerVar="CC" />
		</Unit>
		<Unit filename="../external_libraries/gidpost/source/zlibint1.h" />
		<Unit filename="../external_libraries/gidpost/source/zlibint2.c">
			<Option compilerVar="CC" />
		</Unit>
		<Unit filename="../external_libraries/gidpost/source/zlibint2.h" />
		<Unit filename="../includes/compare_pdof.h" />
		<Unit filename="../includes/constant_property.h" />
		<Unit filename="../includes/constant_source.h" />
		<Unit filename="../includes/csr_matrix.h" />
		<Unit filename="../includes/csr_space.h" />
		<Unit filename="../includes/define.h" />
		<Unit filename="../includes/dense_space.h" />
		<Unit filename="../includes/dof.h" />
		<Unit filename="../includes/element.h" />
		<Unit filename="../includes/element_sources.h" />
		<Unit filename="../includes/exception.h" />
		<Unit filename="../includes/geometry_function.h" />
		<Unit filename="../includes/gid_input.h" />
		<Unit filename="../includes/gid_output.h" />
		<Unit filename="../includes/input.h" />
		<Unit filename="../includes/input_c_parser.h" />
		<Unit filename="../includes/input_c_scanner.h" />
		<Unit filename="../includes/kernel.h" />
		<Unit filename="../includes/kratos_string.h" />
		<Unit filename="../includes/kratos_vectorial_spaces.h" />
		<Unit filename="../includes/matrix.h" />
		<Unit filename="../includes/model.h" />
		<Unit filename="../includes/model_geometry_container.h" />
		<Unit filename="../includes/model_properties.h" />
		<Unit filename="../includes/modeler.h" />
		<Unit filename="../includes/node.h" />
		<Unit filename="../includes/nodes_container.h" />
		<Unit filename="../includes/output.h" />
		<Unit filename="../includes/point.h" />
		<Unit filename="../includes/point_data.h" />
		<Unit filename="../includes/points_container.h" />
		<Unit filename="../includes/process.h" />
		<Unit filename="../includes/process_info.h" />
		<Unit filename="../includes/properties.h" />
		<Unit filename="../includes/properties_base.h" />
		<Unit filename="../includes/properties_default_function.h" />
		<Unit filename="../includes/property_function.h" />
		<Unit filename="../includes/results.h" />
		<Unit filename="../includes/solution_step_data.h" />
		<Unit filename="../includes/solution_steps_data_container.h" />
		<Unit filename="../includes/source_function.h" />
		<Unit filename="../includes/sources.h" />
		<Unit filename="../includes/sources_base.h" />
		<Unit filename="../includes/time_steps_container.h" />
		<Unit filename="../includes/update.h" />
		<Unit filename="../includes/variable.h" />
		<Unit filename="../includes/variables.h" />
		<Unit filename="../includes/variables_container.h" />
		<Unit filename="../includes/variables_container_base.h" />
		<Unit filename="../includes/vector.h" />
		<Unit filename="../linear_solvers/bicg_complex_solver.cpp" />
		<Unit filename="../linear_solvers/bicg_complex_solver.h" />
		<Unit filename="../linear_solvers/bicg_cp_complex_solver.cpp" />
		<Unit filename="../linear_solvers/bicg_cp_complex_solver.h" />
		<Unit filename="../linear_solvers/complex_matrix_operations.cpp" />
		<Unit filename="../linear_solvers/complex_matrix_operations.h" />
		<Unit filename="../linear_solvers/complex_solver.cpp" />
		<Unit filename="../linear_solvers/complex_solver.h" />
		<Unit filename="../linear_solvers/kratos_linear_solvers.h" />
		<Unit filename="../linear_solvers/qmr_complex_solver.cpp" />
		<Unit filename="../linear_solvers/qmr_complex_solver.h" />
		<Unit filename="../linear_solvers/qmr_cp_complex_solver.cpp" />
		<Unit filename="../linear_solvers/qmr_cp_complex_solver.h" />
		<Unit filename="../sources/dof.cpp" />
		<Unit filename="../sources/gid_output.cpp" />
		<Unit filename="../sources/input_c_parser.cpp" />
		<Unit filename="../sources/input_c_scanner.cpp" />
		<Unit filename="../sources/kernel.cpp" />
		<Unit filename="../sources/main.cpp" />
		<Unit filename="../sources/model.cpp" />
		<Unit filename="../sources/modeler.cpp" />
		<Unit filename="../sources/point_data.cpp" />
		<Unit filename="../sources/process.cpp" />
		<Extensions>
			<lib_finder disable_auto="1" />
		</Extensions>
	</Project>
</CodeBlocks_project_file>
